// !$*UTF8*$!
{
	archiveVersion = 1;
	classes = {
	};
	objectVersion = 56;
	objects = {

/* Begin PBXBuildFile section */
		A47204E729B8B1E8003D5DF6 /* core_dataApp.swift in Sources */ = {isa = PBXBuildFile; fileRef = A47204E629B8B1E8003D5DF6 /* core_dataApp.swift */; };
		A47204E929B8B1E8003D5DF6 /* ContentView.swift in Sources */ = {isa = PBXBuildFile; fileRef = A47204E829B8B1E8003D5DF6 /* ContentView.swift */; };
		A47204EB29B8B1EB003D5DF6 /* Assets.xcassets in Resources */ = {isa = PBXBuildFile; fileRef = A47204EA29B8B1EB003D5DF6 /* Assets.xcassets */; };
		A47204EE29B8B1EB003D5DF6 /* Preview Assets.xcassets in Resources */ = {isa = PBXBuildFile; fileRef = A47204ED29B8B1EB003D5DF6 /* Preview Assets.xcassets */; };
		A47204F529B8B224003D5DF6 /* CoreDataManager.swift in Sources */ = {isa = PBXBuildFile; fileRef = A47204F429B8B224003D5DF6 /* CoreDataManager.swift */; };
		A47204F829B8B29C003D5DF6 /* TodoAppModel.xcdatamodeld in Sources */ = {isa = PBXBuildFile; fileRef = A47204F629B8B29C003D5DF6 /* TodoAppModel.xcdatamodeld */; };
		A47204FB29B8B4E3003D5DF6 /* TaskListViewModel.swift in Sources */ = {isa = PBXBuildFile; fileRef = A47204FA29B8B4E3003D5DF6 /* TaskListViewModel.swift */; };
/* End PBXBuildFile section */

/* Begin PBXFileReference section */
		A47204E329B8B1E8003D5DF6 /* core_data_mvvm_swiftui.app */ = {isa = PBXFileReference; explicitFileType = wrapper.application; includeInIndex = 0; path = core_data_mvvm_swiftui.app; sourceTree = BUILT_PRODUCTS_DIR; };
		A47204E629B8B1E8003D5DF6 /* core_dataApp.swift */ = {isa = PBXFileReference; lastKnownFileType = sourcecode.swift; path = core_dataApp.swift; sourceTree = "<group>"; };
		A47204E829B8B1E8003D5DF6 /* ContentView.swift */ = {isa = PBXFileReference; lastKnownFileType = sourcecode.swift; path = ContentView.swift; sourceTree = "<group>"; };
		A47204EA29B8B1EB003D5DF6 /* Assets.xcassets */ = {isa = PBXFileReference; lastKnownFileType = folder.assetcatalog; path = Assets.xcassets; sourceTree = "<group>"; };
		A47204ED29B8B1EB003D5DF6 /* Preview Assets.xcassets */ = {isa = PBXFileReference; lastKnownFileType = folder.assetcatalog; path = "Preview Assets.xcassets"; sourceTree = "<group>"; };
		A47204F429B8B224003D5DF6 /* CoreDataManager.swift */ = {isa = PBXFileReference; lastKnownFileType = sourcecode.swift; path = CoreDataManager.swift; sourceTree = "<group>"; };
		A47204F729B8B29C003D5DF6 /* TodoAppModel.xcdatamodel */ = {isa = PBXFileReference; lastKnownFileType = wrapper.xcdatamodel; path = TodoAppModel.xcdatamodel; sourceTree = "<group>"; };
		A47204FA29B8B4E3003D5DF6 /* TaskListViewModel.swift */ = {isa = PBXFileReference; lastKnownFileType = sourcecode.swift; path = TaskListViewModel.swift; sourceTree = "<group>"; };
/* End PBXFileReference section */

/* Begin PBXFrameworksBuildPhase section */
		A47204E029B8B1E8003D5DF6 /* Frameworks */ = {
			isa = PBXFrameworksBuildPhase;
			buildActionMask = 2147483647;
			files = (
			);
			runOnlyForDeploymentPostprocessing = 0;
		};
/* End PBXFrameworksBuildPhase section */

/* Begin PBXGroup section */
		A47204DA29B8B1E8003D5DF6 = {
			isa = PBXGroup;
			children = (
				A47204E529B8B1E8003D5DF6 /* core_data */,
				A47204E429B8B1E8003D5DF6 /* Products */,
			);
			sourceTree = "<group>";
		};
		A47204E429B8B1E8003D5DF6 /* Products */ = {
			isa = PBXGroup;
			children = (
				A47204E329B8B1E8003D5DF6 /* core_data_mvvm_swiftui.app */,
			);
			name = Products;
			sourceTree = "<group>";
		};
		A47204E529B8B1E8003D5DF6 /* core_data */ = {
			isa = PBXGroup;
			children = (
				A47204F929B8B4C8003D5DF6 /* ViewModel */,
				A47204F429B8B224003D5DF6 /* CoreDataManager.swift */,
				A47204E629B8B1E8003D5DF6 /* core_dataApp.swift */,
				A47204E829B8B1E8003D5DF6 /* ContentView.swift */,
				A47204F629B8B29C003D5DF6 /* TodoAppModel.xcdatamodeld */,
				A47204EA29B8B1EB003D5DF6 /* Assets.xcassets */,
				A47204EC29B8B1EB003D5DF6 /* Preview Content */,
			);
			path = core_data;
			sourceTree = "<group>";
		};
		A47204EC29B8B1EB003D5DF6 /* Preview Content */ = {
			isa = PBXGroup;
			children = (
				A47204ED29B8B1EB003D5DF6 /* Preview Assets.xcassets */,
			);
			path = "Preview Content";
			sourceTree = "<group>";
		};
		A47204F929B8B4C8003D5DF6 /* ViewModel */ = {
			isa = PBXGroup;
			children = (
				A47204FA29B8B4E3003D5DF6 /* TaskListViewModel.swift */,
			);
			path = ViewModel;
			sourceTree = "<group>";
		};
/* End PBXGroup section */

/* Begin PBXNativeTarget section */
		A47204E229B8B1E8003D5DF6 /* core_data_mvvm_swiftui */ = {
			isa = PBXNativeTarget;
			buildConfigurationList = A47204F129B8B1EB003D5DF6 /* Build configuration list for PBXNativeTarget "core_data_mvvm_swiftui" */;
			buildPhases = (
				A47204DF29B8B1E8003D5DF6 /* Sources */,
				A47204E029B8B1E8003D5DF6 /* Frameworks */,
				A47204E129B8B1E8003D5DF6 /* Resources */,
			);
			buildRules = (
			);
			dependencies = (
			);
			name = core_data_mvvm_swiftui;
			productName = core_data;
			productReference = A47204E329B8B1E8003D5DF6 /* core_data_mvvm_swiftui.app */;
			productType = "com.apple.product-type.application";
		};
/* End PBXNativeTarget section */

/* Begin PBXProject section */
		A47204DB29B8B1E8003D5DF6 /* Project object */ = {
			isa = PBXProject;
			attributes = {
				BuildIndependentTargetsInParallel = 1;
				LastSwiftUpdateCheck = 1400;
				LastUpgradeCheck = 1400;
				TargetAttributes = {
					A47204E229B8B1E8003D5DF6 = {
						CreatedOnToolsVersion = 14.0.1;
					};
				};
			};
			buildConfigurationList = A47204DE29B8B1E8003D5DF6 /* Build configuration list for PBXProject "core_data_mvvm_swiftui" */;
			compatibilityVersion = "Xcode 14.0";
			developmentRegion = en;
			hasScannedForEncodings = 0;
			knownRegions = (
				en,
				Base,
			);
			mainGroup = A47204DA29B8B1E8003D5DF6;
			productRefGroup = A47204E429B8B1E8003D5DF6 /* Products */;
			projectDirPath = "";
			projectRoot = "";
			targets = (
				A47204E229B8B1E8003D5DF6 /* core_data_mvvm_swiftui */,
			);
		};
/* End PBXProject section */

/* Begin PBXResourcesBuildPhase section */
		A47204E129B8B1E8003D5DF6 /* Resources */ = {
			isa = PBXResourcesBuildPhase;
			buildActionMask = 2147483647;
			files = (
				A47204EE29B8B1EB003D5DF6 /* Preview Assets.xcassets in Resources */,
				A47204EB29B8B1EB003D5DF6 /* Assets.xcassets in Resources */,
			);
			runOnlyForDeploymentPostprocessing = 0;
		};
/* End PBXResourcesBuildPhase section */

/* Begin PBXSourcesBuildPhase section */
		A47204DF29B8B1E8003D5DF6 /* Sources */ = {
			isa = PBXSourcesBuildPhase;
			buildActionMask = 2147483647;
			files = (
				A47204F529B8B224003D5DF6 /* CoreDataManager.swift in Sources */,
				A47204F829B8B29C003D5DF6 /* TodoAppModel.xcdatamodeld in Sources */,
				A47204FB29B8B4E3003D5DF6 /* TaskListViewModel.swift in Sources */,
				A47204E929B8B1E8003D5DF6 /* ContentView.swift in Sources */,
				A47204E729B8B1E8003D5DF6 /* core_dataApp.swift in Sources */,
			);
			runOnlyForDeploymentPostprocessing = 0;
		};
/* End PBXSourcesBuildPhase section */

/* Begin XCBuildConfiguration section */
		A47204EF29B8B1EB003D5DF6 /* Debug */ = {
			isa = XCBuildConfiguration;
			buildSettings = {
				ALWAYS_SEARCH_USER_PATHS = NO;
				CLANG_ANALYZER_NONNULL = YES;
				CLANG_ANALYZER_NUMBER_OBJECT_CONVERSION = YES_AGGRESSIVE;
				CLANG_CXX_LANGUAGE_STANDARD = "gnu++20";
				CLANG_ENABLE_MODULES = YES;
				CLANG_ENABLE_OBJC_ARC = YES;
				CLANG_ENABLE_OBJC_WEAK = YES;
				CLANG_WARN_BLOCK_CAPTURE_AUTORELEASING = YES;
				CLANG_WARN_BOOL_CONVERSION = YES;
				CLANG_WARN_COMMA = YES;
				CLANG_WARN_CONSTANT_CONVERSION = YES;
				CLANG_WARN_DEPRECATED_OBJC_IMPLEMENTATIONS = YES;
				CLANG_WARN_DIRECT_OBJC_ISA_USAGE = YES_ERROR;
				CLANG_WARN_DOCUMENTATION_COMMENTS = YES;
				CLANG_WARN_EMPTY_BODY = YES;
				CLANG_WARN_ENUM_CONVERSION = YES;
				CLANG_WARN_INFINITE_RECURSION = YES;
				CLANG_WARN_INT_CONVERSION = YES;
				CLANG_WARN_NON_LITERAL_NULL_CONVERSION = YES;
				CLANG_WARN_OBJC_IMPLICIT_RETAIN_SELF = YES;
				CLANG_WARN_OBJC_LITERAL_CONVERSION = YES;
				CLANG_WARN_OBJC_ROOT_CLASS = YES_ERROR;
				CLANG_WARN_QUOTED_INCLUDE_IN_FRAMEWORK_HEADER = YES;
				CLANG_WARN_RANGE_LOOP_ANALYSIS = YES;
				CLANG_WARN_STRICT_PROTOTYPES = YES;
				CLANG_WARN_SUSPICIOUS_MOVE = YES;
				CLANG_WARN_UNGUARDED_AVAILABILITY = YES_AGGRESSIVE;
				CLANG_WARN_UNREACHABLE_CODE = YES;
				CLANG_WARN__DUPLICATE_METHOD_MATCH = YES;
				COPY_PHASE_STRIP = NO;
				DEBUG_INFORMATION_FORMAT = dwarf;
				ENABLE_STRICT_OBJC_MSGSEND = YES;
				ENABLE_TESTABILITY = YES;
				GCC_C_LANGUAGE_STANDARD = gnu11;
				GCC_DYNAMIC_NO_PIC = NO;
				GCC_NO_COMMON_BLOCKS = YES;
				GCC_OPTIMIZATION_LEVEL = 0;
				GCC_PREPROCESSOR_DEFINITIONS = (
					"DEBUG=1",
					"$(inherited)",
				);
				GCC_WARN_64_TO_32_BIT_CONVERSION = YES;
				GCC_WARN_ABOUT_RETURN_TYPE = YES_ERROR;
				GCC_WARN_UNDECLARED_SELECTOR = YES;
				GCC_WARN_UNINITIALIZED_AUTOS = YES_AGGRESSIVE;
				GCC_WARN_UNUSED_FUNCTION = YES;
				GCC_WARN_UNUSED_VARIABLE = YES;
				IPHONEOS_DEPLOYMENT_TARGET = 16.0;
				MTL_ENABLE_DEBUG_INFO = INCLUDE_SOURCE;
				MTL_FAST_MATH = YES;
				ONLY_ACTIVE_ARCH = YES;
				SDKROOT = iphoneos;
				SWIFT_ACTIVE_COMPILATION_CONDITIONS = DEBUG;
				SWIFT_OPTIMIZATION_LEVEL = "-Onone";
			};
			name = Debug;
		};
		A47204F029B8B1EB003D5DF6 /* Release */ = {
			isa = XCBuildConfiguration;
			buildSettings = {
				ALWAYS_SEARCH_USER_PATHS = NO;
				CLANG_ANALYZER_NONNULL = YES;
				CLANG_ANALYZER_NUMBER_OBJECT_CONVERSION = YES_AGGRESSIVE;
				CLANG_CXX_LANGUAGE_STANDARD = "gnu++20";
				CLANG_ENABLE_MODULES = YES;
				CLANG_ENABLE_OBJC_ARC = YES;
				CLANG_ENABLE_OBJC_WEAK = YES;
				CLANG_WARN_BLOCK_CAPTURE_AUTORELEASING = YES;
				CLANG_WARN_BOOL_CONVERSION = YES;
				CLANG_WARN_COMMA = YES;
				CLANG_WARN_CONSTANT_CONVERSION = YES;
				CLANG_WARN_DEPRECATED_OBJC_IMPLEMENTATIONS = YES;
				CLANG_WARN_DIRECT_OBJC_ISA_USAGE = YES_ERROR;
				CLANG_WARN_DOCUMENTATION_COMMENTS = YES;
				CLANG_WARN_EMPTY_BODY = YES;
				CLANG_WARN_ENUM_CONVERSION = YES;
				CLANG_WARN_INFINITE_RECURSION = YES;
				CLANG_WARN_INT_CONVERSION = YES;
				CLANG_WARN_NON_LITERAL_NULL_CONVERSION = YES;
				CLANG_WARN_OBJC_IMPLICIT_RETAIN_SELF = YES;
				CLANG_WARN_OBJC_LITERAL_CONVERSION = YES;
				CLANG_WARN_OBJC_ROOT_CLASS = YES_ERROR;
				CLANG_WARN_QUOTED_INCLUDE_IN_FRAMEWORK_HEADER = YES;
				CLANG_WARN_RANGE_LOOP_ANALYSIS = YES;
				CLANG_WARN_STRICT_PROTOTYPES = YES;
				CLANG_WARN_SUSPICIOUS_MOVE = YES;
				CLANG_WARN_UNGUARDED_AVAILABILITY = YES_AGGRESSIVE;
				CLANG_WARN_UNREACHABLE_CODE = YES;
				CLANG_WARN__DUPLICATE_METHOD_MATCH = YES;
				COPY_PHASE_STRIP = NO;
				DEBUG_INFORMATION_FORMAT = "dwarf-with-dsym";
				ENABLE_NS_ASSERTIONS = NO;
				ENABLE_STRICT_OBJC_MSGSEND = YES;
				GCC_C_LANGUAGE_STANDARD = gnu11;
				GCC_NO_COMMON_BLOCKS = YES;
				GCC_WARN_64_TO_32_BIT_CONVERSION = YES;
				GCC_WARN_ABOUT_RETURN_TYPE = YES_ERROR;
				GCC_WARN_UNDECLARED_SELECTOR = YES;
				GCC_WARN_UNINITIALIZED_AUTOS = YES_AGGRESSIVE;
				GCC_WARN_UNUSED_FUNCTION = YES;
				GCC_WARN_UNUSED_VARIABLE = YES;
				IPHONEOS_DEPLOYMENT_TARGET = 16.0;
				MTL_ENABLE_DEBUG_INFO = NO;
				MTL_FAST_MATH = YES;
				SDKROOT = iphoneos;
				SWIFT_COMPILATION_MODE = wholemodule;
				SWIFT_OPTIMIZATION_LEVEL = "-O";
				VALIDATE_PRODUCT = YES;
			};
			name = Release;
		};
		A47204F229B8B1EB003D5DF6 /* Debug */ = {
			isa = XCBuildConfiguration;
			buildSettings = {
				ASSETCATALOG_COMPILER_APPICON_NAME = AppIcon;
				ASSETCATALOG_COMPILER_GLOBAL_ACCENT_COLOR_NAME = AccentColor;
				CODE_SIGN_STYLE = Automatic;
				CURRENT_PROJECT_VERSION = 1;
				DEVELOPMENT_ASSET_PATHS = "\"core_data/Preview Content\"";
				DEVELOPMENT_TEAM = QTZK2YYT22;
				ENABLE_PREVIEWS = YES;
				GENERATE_INFOPLIST_FILE = YES;
				INFOPLIST_KEY_UIApplicationSceneManifest_Generation = YES;
				INFOPLIST_KEY_UIApplicationSupportsIndirectInputEvents = YES;
				INFOPLIST_KEY_UILaunchScreen_Generation = YES;
				INFOPLIST_KEY_UISupportedInterfaceOrientations_iPad = "UIInterfaceOrientationPortrait UIInterfaceOrientationPortraitUpsideDown UIInterfaceOrientationLandscapeLeft UIInterfaceOrientationLandscapeRight";
				INFOPLIST_KEY_UISupportedInterfaceOrientations_iPhone = "UIInterfaceOrientationPortrait UIInterfaceOrientationLandscapeLeft UIInterfaceOrientationLandscapeRight";
				LD_RUNPATH_SEARCH_PATHS = (
					"$(inherited)",
					"@executable_path/Frameworks",
				);
				MARKETING_VERSION = 1.0;
				PRODUCT_BUNDLE_IDENTIFIER = "sansi.com.core-data";
				PRODUCT_NAME = "$(TARGET_NAME)";
				SWIFT_EMIT_LOC_STRINGS = YES;
				SWIFT_VERSION = 5.0;
				TARGETED_DEVICE_FAMILY = "1,2";
			};
			name = Debug;
		};
		A47204F329B8B1EB003D5DF6 /* Release */ = {
			isa = XCBuildConfiguration;
			buildSettings = {
				ASSETCATALOG_COMPILER_APPICON_NAME = AppIcon;
				ASSETCATALOG_COMPILER_GLOBAL_ACCENT_COLOR_NAME = AccentColor;
				CODE_SIGN_STYLE = Automatic;
				CURRENT_PROJECT_VERSION = 1;
				DEVELOPMENT_ASSET_PATHS = "\"core_data/Preview Content\"";
				DEVELOPMENT_TEAM = QTZK2YYT22;
				ENABLE_PREVIEWS = YES;
				GENERATE_INFOPLIST_FILE = YES;
				INFOPLIST_KEY_UIApplicationSceneManifest_Generation = YES;
				INFOPLIST_KEY_UIApplicationSupportsIndirectInputEvents = YES;
				INFOPLIST_KEY_UILaunchScreen_Generation = YES;
				INFOPLIST_KEY_UISupportedInterfaceOrientations_iPad = "UIInterfaceOrientationPortrait UIInterfaceOrientationPortraitUpsideDown UIInterfaceOrientationLandscapeLeft UIInterfaceOrientationLandscapeRight";
				INFOPLIST_KEY_UISupportedInterfaceOrientations_iPhone = "UIInterfaceOrientationPortrait UIInterfaceOrientationLandscapeLeft UIInterfaceOrientationLandscapeRight";
				LD_RUNPATH_SEARCH_PATHS = (
					"$(inherited)",
					"@executable_path/Frameworks",
				);
				MARKETING_VERSION = 1.0;
				PRODUCT_BUNDLE_IDENTIFIER = "sansi.com.core-data";
				PRODUCT_NAME = "$(TARGET_NAME)";
				SWIFT_EMIT_LOC_STRINGS = YES;
				SWIFT_VERSION = 5.0;
				TARGETED_DEVICE_FAMILY = "1,2";
			};
			name = Release;
		};
/* End XCBuildConfiguration section */

/* Begin XCConfigurationList section */
		A47204DE29B8B1E8003D5DF6 /* Build configuration list for PBXProject "core_data_mvvm_swiftui" */ = {
			isa = XCConfigurationList;
			buildConfigurations = (
				A47204EF29B8B1EB003D5DF6 /* Debug */,
				A47204F029B8B1EB003D5DF6 /* Release */,
			);
			defaultConfigurationIsVisible = 0;
			defaultConfigurationName = Release;
		};
		A47204F129B8B1EB003D5DF6 /* Build configuration list for PBXNativeTarget "core_data_mvvm_swiftui" */ = {
			isa = XCConfigurationList;
			buildConfigurations = (
				A47204F229B8B1EB003D5DF6 /* Debug */,
				A47204F329B8B1EB003D5DF6 /* Release */,
			);
			defaultConfigurationIsVisible = 0;
			defaultConfigurationName = Release;
		};
/* End XCConfigurationList section */

/* Begin XCVersionGroup section */
		A47204F629B8B29C003D5DF6 /* TodoAppModel.xcdatamodeld */ = {
			isa = XCVersionGroup;
			children = (
				A47204F729B8B29C003D5DF6 /* TodoAppModel.xcdatamodel */,
			);
			currentVersion = A47204F729B8B29C003D5DF6 /* TodoAppModel.xcdatamodel */;
			path = TodoAppModel.xcdatamodeld;
			sourceTree = "<group>";
			versionGroupType = wrapper.xcdatamodel;
		};
/* End XCVersionGroup section */
	};
	rootObject = A47204DB29B8B1E8003D5DF6 /* Project object */;
}
